
Microsoft Visual Studio Solution File, Format Version 12.00
# Visual Studio Version 16
VisualStudioVersion = 16.0.30611.23
MinimumVisualStudioVersion = 10.0.40219.1
Project("{FAE04EC0-301F-11D3-BF4B-00C04F79EFBC}") = "MixerMemory", "MixerMemory\MixerMemory.csproj", "{09479C07-B5BA-4264-AF28-F61B008AD556}"
EndProject
Global
	GlobalSection(SolutionConfigurationPlatforms) = preSolution
		Debug|Any CPU = Debug|Any CPU
		Release|Any CPU = Release|Any CPU
	EndGlobalSection
	GlobalSection(ProjectConfigurationPlatforms) = postSolution
		{09479C07-B5BA-4264-AF28-F61B008AD556}.Debug|Any CPU.ActiveCfg = Debug|Any CPU
		{09479C07-B5BA-4264-AF28-F61B008AD556}.Debug|Any CPU.Build.0 = Debug|Any CPU
		{09479C07-B5BA-4264-AF28-F61B008AD556}.Release|Any CPU.ActiveCfg = Release|Any CPU
		{09479C07-B5BA-4264-AF28-F61B008AD556}.Release|Any CPU.Build.0 = Release|Any CPU
	EndGlobalSection
	GlobalSection(SolutionProperties) = preSolution
		HideSolutionNode = FALSE
	EndGlobalSection
	GlobalSection(ExtensibilityGlobals) = postSolution
		SolutionGuid = {1A252C25-A8E1-4CE8-BC83-26A4461E265D}
	EndGlobalSection
EndGlobal
